
Microsoft Visual Studio Solution File, Format Version 12.00
# Visual Studio Version 17
VisualStudioVersion = 17.3.32901.215
MinimumVisualStudioVersion = 10.0.40219.1
Project("{9A19103F-16F7-4668-BE54-9A1E7A4F7556}") = "CourseLibrary.API", "CourseLibrary.API.csproj", "{3381EA27-F32D-48A5-9E80-B6A50ADEB393}"
EndProject
Global
	GlobalSection(SolutionConfigurationPlatforms) = preSolution
		Debug|Any CPU = Debug|Any CPU
		Release|Any CPU = Release|Any CPU
	EndGlobalSection
	GlobalSection(ProjectConfigurationPlatforms) = postSolution
		{3381EA27-F32D-48A5-9E80-B6A50ADEB393}.Debug|Any CPU.ActiveCfg = Debug|Any CPU
		{3381EA27-F32D-48A5-9E80-B6A50ADEB393}.Debug|Any CPU.Build.0 = Debug|Any CPU
		{3381EA27-F32D-48A5-9E80-B6A50ADEB393}.Release|Any CPU.ActiveCfg = Release|Any CPU
		{3381EA27-F32D-48A5-9E80-B6A50ADEB393}.Release|Any CPU.Build.0 = Release|Any CPU
	EndGlobalSection
	GlobalSection(SolutionProperties) = preSolution
		HideSolutionNode = FALSE
	EndGlobalSection
	GlobalSection(ExtensibilityGlobals) = postSolution
		SolutionGuid = {CA1C9DD8-82F7-4A8A-86A9-DB2475E73B1F}
	EndGlobalSection
EndGlobal
